# THIS IS AN AUTOGENERATED FILE. DO NOT EDIT THIS FILE DIRECTLY.
# yarn lockfile v1


csv-generate@^1.0.0:
  version "1.0.0"
  resolved "https://registry.yarnpkg.com/csv-generate/-/csv-generate-1.0.0.tgz#bd52886859d0c925f3e51f60f3abed262fa15caf"

csv-parse@^1.1.0:
  version "1.1.7"
  resolved "https://registry.yarnpkg.com/csv-parse/-/csv-parse-1.1.7.tgz#6e4678f7967013ac823929a4303a3ce177115abc"

csv-stringify@^1.0.0:
  version "1.0.4"
  resolved "https://registry.yarnpkg.com/csv-stringify/-/csv-stringify-1.0.4.tgz#bc18bab9ad4cef3195fd257980b58b479c42d3e5"
  dependencies:
    lodash.get "^4.0.0"

"csv@    ^1.1.0":
  version "1.1.0"
  resolved "https://registry.yarnpkg.com/csv/-/csv-1.1.0.tgz#0da30872c5cca486a4b5a0edbb52b2dbf6eb30ef"
  dependencies:
    csv-generate "^1.0.0"
    csv-parse "^1.1.0"
    csv-stringify "^1.0.0"
    stream-transform "^0.1.0"

kdt@^0.1.0:
  version "0.1.0"
  resolved "https://registry.yarnpkg.com/kdt/-/kdt-0.1.0.tgz#d54aadf92586c59b441519b4461b39fb7c5528f3"

lodash.get@^4.0.0:
  version "4.4.2"
  resolved "https://registry.yarnpkg.com/lodash.get/-/lodash.get-4.4.2.tgz#2d177f652fa31e939b4438d5341499dfa3825e99"

stream-transform@^0.1.0:
  version "0.1.1"
  resolved "https://registry.yarnpkg.com/stream-transform/-/stream-transform-0.1.1.tgz#0a54a2b81eea88da55a50df2441cb63edc101c71"
